
Microsoft Visual Studio Solution File, Format Version 12.00
# Visual Studio 14
VisualStudioVersion = 14.0.25123.0
MinimumVisualStudioVersion = 10.0.40219.1
Project("{FAE04EC0-301F-11D3-BF4B-00C04F79EFBC}") = "TickerTools.Common", "TickerTools.Common\TickerTools.Common.csproj", "{1BBAA45D-3F11-43FD-8F10-41D55F975DCE}"
EndProject
Global
	GlobalSection(SolutionConfigurationPlatforms) = preSolution
		Debug|Any CPU = Debug|Any CPU
		Release|Any CPU = Release|Any CPU
	EndGlobalSection
	GlobalSection(ProjectConfigurationPlatforms) = postSolution
		{1BBAA45D-3F11-43FD-8F10-41D55F975DCE}.Debug|Any CPU.ActiveCfg = Debug|Any CPU
		{1BBAA45D-3F11-43FD-8F10-41D55F975DCE}.Debug|Any CPU.Build.0 = Debug|Any CPU
		{1BBAA45D-3F11-43FD-8F10-41D55F975DCE}.Release|Any CPU.ActiveCfg = Release|Any CPU
		{1BBAA45D-3F11-43FD-8F10-41D55F975DCE}.Release|Any CPU.Build.0 = Release|Any CPU
	EndGlobalSection
	GlobalSection(SolutionProperties) = preSolution
		HideSolutionNode = FALSE
	EndGlobalSection
EndGlobal
